FORGE
  remote: https://forgeapi.puppetlabs.com
  specs:
    jdowning-rbenv (1.3.0)
      puppetlabs-git (>= 0.0.3)
      puppetlabs-stdlib (>= 4.1.0)
    puppetlabs-git (0.2.0)
      puppetlabs-vcsrepo (>= 0.1.0)
    puppetlabs-stdlib (4.3.2)
    puppetlabs-vcsrepo (1.1.0)

DEPENDENCIES
  jdowning-rbenv (= 1.3.0)

